
Microsoft Visual Studio Solution File, Format Version 12.00
# Visual Studio Version 17
VisualStudioVersion = 17.11.35222.181
MinimumVisualStudioVersion = 10.0.40219.1
Project("{2150E333-8FDC-42A3-9474-1A3956D46DE8}") = "Task0", "Task0", "{12C9F5DD-8CE8-421F-9156-96A42449622C}"
EndProject
Project("{FAE04EC0-301F-11D3-BF4B-00C04F79EFBC}") = "Tyuiu.GalimovaAS.Sprint0.Task0.V0", "Tyuiu.GalimovaAS.Sprint0.Task0.V0\Tyuiu.GalimovaAS.Sprint0.Task0.V0.csproj", "{F901C9C7-33A7-41B3-9539-18DDE06665DD}"
EndProject
Project("{2150E333-8FDC-42A3-9474-1A3956D46DE8}") = "Task1", "Task1", "{95AF1FF0-061C-47B5-A073-BBA5EBFF9135}"
EndProject
Project("{FAE04EC0-301F-11D3-BF4B-00C04F79EFBC}") = "Tyuiu.GalimovaAS.Sprint0.Task1.V0", "Tyuiu.GalimovaAS.Sprint0.Task1.V0\Tyuiu.GalimovaAS.Sprint0.Task1.V0.csproj", "{B1CF03D5-0E65-4C66-AAF3-6698F7A21F98}"
EndProject
Project("{2150E333-8FDC-42A3-9474-1A3956D46DE8}") = "Task2", "Task2", "{1F7EC59A-AC05-492E-B3B1-E65ABF3FE4BA}"
EndProject
Project("{FAE04EC0-301F-11D3-BF4B-00C04F79EFBC}") = "Tyuiu.GalimovaAS.Sprint0.Task2.V0", "..\Tyuiu.GalimovaAS.Sprint0.Task2.V0\Tyuiu.GalimovaAS.Sprint0.Task2.V0.csproj", "{C4F96B5D-222A-44AB-A454-9664A9323F81}"
EndProject
Project("{FAE04EC0-301F-11D3-BF4B-00C04F79EFBC}") = "Tyuiu.GalimovaAS.Sprint0.Task2.V0.Lib", "Tyuiu.GalimovaAS.Sprint0.Task2.V0.Lib\Tyuiu.GalimovaAS.Sprint0.Task2.V0.Lib.csproj", "{788F5A63-3F0B-418C-A4D4-B09BA286041F}"
EndProject
Project("{FAE04EC0-301F-11D3-BF4B-00C04F79EFBC}") = "Tyuiu.GalimovaAS.Sprint0.Task2.V0.Test", "Tyuiu.GalimovaAS.Sprint0.Task2.V0.Test\Tyuiu.GalimovaAS.Sprint0.Task2.V0.Test.csproj", "{9C223E04-3266-4D3C-A635-120309EFB11B}"
EndProject
Project("{2150E333-8FDC-42A3-9474-1A3956D46DE8}") = "Task3", "Task3", "{ACCEC2D2-B4EE-4557-A658-14220E9EFDA5}"
EndProject
Project("{FAE04EC0-301F-11D3-BF4B-00C04F79EFBC}") = "Tyuiu.GalimovaAS.Sprint0.Task3.V0", "Tyuiu.GalimovaAS.Sprint0.Task3.V0\Tyuiu.GalimovaAS.Sprint0.Task3.V0.csproj", "{F9D2FA91-0525-4418-822B-266DEEAAC6C1}"
EndProject
Project("{FAE04EC0-301F-11D3-BF4B-00C04F79EFBC}") = "Tyuiu.GalimovaAS.Sprint0.Task3.V0.Lib", "Tyuiu.GalimovaAS.Sprint0.Task3.V0.Lib\Tyuiu.GalimovaAS.Sprint0.Task3.V0.Lib.csproj", "{602A83C1-66CE-44B7-B60A-3DF963C6D977}"
EndProject
Project("{FAE04EC0-301F-11D3-BF4B-00C04F79EFBC}") = "Tyuiu.GalimovaAS.Sprint0.Task3.V0.Test", "Tyuiu.GalimovaAS.Sprint0.Task3.V0.Test\Tyuiu.GalimovaAS.Sprint0.Task3.V0.Test.csproj", "{8B4A4800-E887-47BB-9819-846469FDCC14}"
EndProject
Global
	GlobalSection(SolutionConfigurationPlatforms) = preSolution
		Debug|Any CPU = Debug|Any CPU
		Release|Any CPU = Release|Any CPU
	EndGlobalSection
	GlobalSection(ProjectConfigurationPlatforms) = postSolution
		{F901C9C7-33A7-41B3-9539-18DDE06665DD}.Debug|Any CPU.ActiveCfg = Debug|Any CPU
		{F901C9C7-33A7-41B3-9539-18DDE06665DD}.Debug|Any CPU.Build.0 = Debug|Any CPU
		{F901C9C7-33A7-41B3-9539-18DDE06665DD}.Release|Any CPU.ActiveCfg = Release|Any CPU
		{F901C9C7-33A7-41B3-9539-18DDE06665DD}.Release|Any CPU.Build.0 = Release|Any CPU
		{B1CF03D5-0E65-4C66-AAF3-6698F7A21F98}.Debug|Any CPU.ActiveCfg = Debug|Any CPU
		{B1CF03D5-0E65-4C66-AAF3-6698F7A21F98}.Debug|Any CPU.Build.0 = Debug|Any CPU
		{B1CF03D5-0E65-4C66-AAF3-6698F7A21F98}.Release|Any CPU.ActiveCfg = Release|Any CPU
		{B1CF03D5-0E65-4C66-AAF3-6698F7A21F98}.Release|Any CPU.Build.0 = Release|Any CPU
		{C4F96B5D-222A-44AB-A454-9664A9323F81}.Debug|Any CPU.ActiveCfg = Debug|Any CPU
		{C4F96B5D-222A-44AB-A454-9664A9323F81}.Debug|Any CPU.Build.0 = Debug|Any CPU
		{C4F96B5D-222A-44AB-A454-9664A9323F81}.Release|Any CPU.ActiveCfg = Release|Any CPU
		{C4F96B5D-222A-44AB-A454-9664A9323F81}.Release|Any CPU.Build.0 = Release|Any CPU
		{788F5A63-3F0B-418C-A4D4-B09BA286041F}.Debug|Any CPU.ActiveCfg = Debug|Any CPU
		{788F5A63-3F0B-418C-A4D4-B09BA286041F}.Debug|Any CPU.Build.0 = Debug|Any CPU
		{788F5A63-3F0B-418C-A4D4-B09BA286041F}.Release|Any CPU.ActiveCfg = Release|Any CPU
		{788F5A63-3F0B-418C-A4D4-B09BA286041F}.Release|Any CPU.Build.0 = Release|Any CPU
		{9C223E04-3266-4D3C-A635-120309EFB11B}.Debug|Any CPU.ActiveCfg = Debug|Any CPU
		{9C223E04-3266-4D3C-A635-120309EFB11B}.Debug|Any CPU.Build.0 = Debug|Any CPU
		{9C223E04-3266-4D3C-A635-120309EFB11B}.Release|Any CPU.ActiveCfg = Release|Any CPU
		{9C223E04-3266-4D3C-A635-120309EFB11B}.Release|Any CPU.Build.0 = Release|Any CPU
		{F9D2FA91-0525-4418-822B-266DEEAAC6C1}.Debug|Any CPU.ActiveCfg = Debug|Any CPU
		{F9D2FA91-0525-4418-822B-266DEEAAC6C1}.Debug|Any CPU.Build.0 = Debug|Any CPU
		{F9D2FA91-0525-4418-822B-266DEEAAC6C1}.Release|Any CPU.ActiveCfg = Release|Any CPU
		{F9D2FA91-0525-4418-822B-266DEEAAC6C1}.Release|Any CPU.Build.0 = Release|Any CPU
		{602A83C1-66CE-44B7-B60A-3DF963C6D977}.Debug|Any CPU.ActiveCfg = Debug|Any CPU
		{602A83C1-66CE-44B7-B60A-3DF963C6D977}.Debug|Any CPU.Build.0 = Debug|Any CPU
		{602A83C1-66CE-44B7-B60A-3DF963C6D977}.Release|Any CPU.ActiveCfg = Release|Any CPU
		{602A83C1-66CE-44B7-B60A-3DF963C6D977}.Release|Any CPU.Build.0 = Release|Any CPU
		{8B4A4800-E887-47BB-9819-846469FDCC14}.Debug|Any CPU.ActiveCfg = Debug|Any CPU
		{8B4A4800-E887-47BB-9819-846469FDCC14}.Debug|Any CPU.Build.0 = Debug|Any CPU
		{8B4A4800-E887-47BB-9819-846469FDCC14}.Release|Any CPU.ActiveCfg = Release|Any CPU
		{8B4A4800-E887-47BB-9819-846469FDCC14}.Release|Any CPU.Build.0 = Release|Any CPU
	EndGlobalSection
	GlobalSection(SolutionProperties) = preSolution
		HideSolutionNode = FALSE
	EndGlobalSection
	GlobalSection(NestedProjects) = preSolution
		{F901C9C7-33A7-41B3-9539-18DDE06665DD} = {12C9F5DD-8CE8-421F-9156-96A42449622C}
		{B1CF03D5-0E65-4C66-AAF3-6698F7A21F98} = {95AF1FF0-061C-47B5-A073-BBA5EBFF9135}
		{C4F96B5D-222A-44AB-A454-9664A9323F81} = {1F7EC59A-AC05-492E-B3B1-E65ABF3FE4BA}
		{788F5A63-3F0B-418C-A4D4-B09BA286041F} = {1F7EC59A-AC05-492E-B3B1-E65ABF3FE4BA}
		{9C223E04-3266-4D3C-A635-120309EFB11B} = {1F7EC59A-AC05-492E-B3B1-E65ABF3FE4BA}
		{F9D2FA91-0525-4418-822B-266DEEAAC6C1} = {ACCEC2D2-B4EE-4557-A658-14220E9EFDA5}
		{602A83C1-66CE-44B7-B60A-3DF963C6D977} = {ACCEC2D2-B4EE-4557-A658-14220E9EFDA5}
		{8B4A4800-E887-47BB-9819-846469FDCC14} = {ACCEC2D2-B4EE-4557-A658-14220E9EFDA5}
	EndGlobalSection
	GlobalSection(ExtensibilityGlobals) = postSolution
		SolutionGuid = {A95B7AA4-B3D7-4025-9D4F-278485660910}
	EndGlobalSection
EndGlobal
